// !$*UTF8*$!
{
	archiveVersion = 1;
	classes = {
	};
	objectVersion = 50;
	objects = {

/* Begin PBXBuildFile section */
		32C873BF06A534E73D9F127D /* Pods_Swift_test.framework in Frameworks */ = {isa = PBXBuildFile; fileRef = E3912F02AF59268684171E6B /* Pods_Swift_test.framework */; };
		6754504A21AD229671315E55 /* Pods_Swift_testTests.framework in Frameworks */ = {isa = PBXBuildFile; fileRef = CF448ACB23EBD108D1D54318 /* Pods_Swift_testTests.framework */; };
		833402C32297FC50005A0294 /* AppDelegate.swift in Sources */ = {isa = PBXBuildFile; fileRef = 833402C22297FC50005A0294 /* AppDelegate.swift */; };
		833402C52297FC50005A0294 /* ViewController.swift in Sources */ = {isa = PBXBuildFile; fileRef = 833402C42297FC50005A0294 /* ViewController.swift */; };
		833402C82297FC50005A0294 /* Main.storyboard in Resources */ = {isa = PBXBuildFile; fileRef = 833402C62297FC50005A0294 /* Main.storyboard */; };
		833402CA2297FC52005A0294 /* Assets.xcassets in Resources */ = {isa = PBXBuildFile; fileRef = 833402C92297FC52005A0294 /* Assets.xcassets */; };
		833402CD2297FC52005A0294 /* LaunchScreen.storyboard in Resources */ = {isa = PBXBuildFile; fileRef = 833402CB2297FC52005A0294 /* LaunchScreen.storyboard */; };
		833402D82297FC52005A0294 /* Swift_testTests.swift in Sources */ = {isa = PBXBuildFile; fileRef = 833402D72297FC52005A0294 /* Swift_testTests.swift */; };
		833402E32297FC52005A0294 /* Swift_testUITests.swift in Sources */ = {isa = PBXBuildFile; fileRef = 833402E22297FC52005A0294 /* Swift_testUITests.swift */; };
		F2D80E902A81780C10D8AC05 /* Pods_Swift_testUITests.framework in Frameworks */ = {isa = PBXBuildFile; fileRef = 991DE96ECAB2AAF3F8AD1631 /* Pods_Swift_testUITests.framework */; };
/* End PBXBuildFile section */

/* Begin PBXContainerItemProxy section */
		833402D42297FC52005A0294 /* PBXContainerItemProxy */ = {
			isa = PBXContainerItemProxy;
			containerPortal = 833402B72297FC50005A0294 /* Project object */;
			proxyType = 1;
			remoteGlobalIDString = 833402BE2297FC50005A0294;
			remoteInfo = "Swift test";
		};
		833402DF2297FC52005A0294 /* PBXContainerItemProxy */ = {
			isa = PBXContainerItemProxy;
			containerPortal = 833402B72297FC50005A0294 /* Project object */;
			proxyType = 1;
			remoteGlobalIDString = 833402BE2297FC50005A0294;
			remoteInfo = "Swift test";
		};
/* End PBXContainerItemProxy section */

/* Begin PBXFileReference section */
		0895AAC08DC3B12FEF8C4AB0 /* Pods-Swift test.release.xcconfig */ = {isa = PBXFileReference; includeInIndex = 1; lastKnownFileType = text.xcconfig; name = "Pods-Swift test.release.xcconfig"; path = "Target Support Files/Pods-Swift test/Pods-Swift test.release.xcconfig"; sourceTree = "<group>"; };
		12A1D8D38F528D149F54BF4D /* Pods-Swift testUITests.debug.xcconfig */ = {isa = PBXFileReference; includeInIndex = 1; lastKnownFileType = text.xcconfig; name = "Pods-Swift testUITests.debug.xcconfig"; path = "Target Support Files/Pods-Swift testUITests/Pods-Swift testUITests.debug.xcconfig"; sourceTree = "<group>"; };
		13B754FF8B4879976BF6E272 /* Pods-Swift test.debug.xcconfig */ = {isa = PBXFileReference; includeInIndex = 1; lastKnownFileType = text.xcconfig; name = "Pods-Swift test.debug.xcconfig"; path = "Target Support Files/Pods-Swift test/Pods-Swift test.debug.xcconfig"; sourceTree = "<group>"; };
		5D2571A0859B84D9A6413C4D /* Pods-Swift testUITests.release.xcconfig */ = {isa = PBXFileReference; includeInIndex = 1; lastKnownFileType = text.xcconfig; name = "Pods-Swift testUITests.release.xcconfig"; path = "Target Support Files/Pods-Swift testUITests/Pods-Swift testUITests.release.xcconfig"; sourceTree = "<group>"; };
		6F155F761A2FA5E19DFFB9B9 /* Pods-Swift testTests.release.xcconfig */ = {isa = PBXFileReference; includeInIndex = 1; lastKnownFileType = text.xcconfig; name = "Pods-Swift testTests.release.xcconfig"; path = "Target Support Files/Pods-Swift testTests/Pods-Swift testTests.release.xcconfig"; sourceTree = "<group>"; };
		833402BF2297FC50005A0294 /* Swift test.app */ = {isa = PBXFileReference; explicitFileType = wrapper.application; includeInIndex = 0; path = "Swift test.app"; sourceTree = BUILT_PRODUCTS_DIR; };
		833402C22297FC50005A0294 /* AppDelegate.swift */ = {isa = PBXFileReference; lastKnownFileType = sourcecode.swift; path = AppDelegate.swift; sourceTree = "<group>"; };
		833402C42297FC50005A0294 /* ViewController.swift */ = {isa = PBXFileReference; lastKnownFileType = sourcecode.swift; path = ViewController.swift; sourceTree = "<group>"; };
		833402C72297FC50005A0294 /* Base */ = {isa = PBXFileReference; lastKnownFileType = file.storyboard; name = Base; path = Base.lproj/Main.storyboard; sourceTree = "<group>"; };
		833402C92297FC52005A0294 /* Assets.xcassets */ = {isa = PBXFileReference; lastKnownFileType = folder.assetcatalog; path = Assets.xcassets; sourceTree = "<group>"; };
		833402CC2297FC52005A0294 /* Base */ = {isa = PBXFileReference; lastKnownFileType = file.storyboard; name = Base; path = Base.lproj/LaunchScreen.storyboard; sourceTree = "<group>"; };
		833402CE2297FC52005A0294 /* Info.plist */ = {isa = PBXFileReference; lastKnownFileType = text.plist.xml; path = Info.plist; sourceTree = "<group>"; };
		833402D32297FC52005A0294 /* Swift testTests.xctest */ = {isa = PBXFileReference; explicitFileType = wrapper.cfbundle; includeInIndex = 0; path = "Swift testTests.xctest"; sourceTree = BUILT_PRODUCTS_DIR; };
		833402D72297FC52005A0294 /* Swift_testTests.swift */ = {isa = PBXFileReference; lastKnownFileType = sourcecode.swift; path = Swift_testTests.swift; sourceTree = "<group>"; };
		833402D92297FC52005A0294 /* Info.plist */ = {isa = PBXFileReference; lastKnownFileType = text.plist.xml; path = Info.plist; sourceTree = "<group>"; };
		833402DE2297FC52005A0294 /* Swift testUITests.xctest */ = {isa = PBXFileReference; explicitFileType = wrapper.cfbundle; includeInIndex = 0; path = "Swift testUITests.xctest"; sourceTree = BUILT_PRODUCTS_DIR; };
		833402E22297FC52005A0294 /* Swift_testUITests.swift */ = {isa = PBXFileReference; lastKnownFileType = sourcecode.swift; path = Swift_testUITests.swift; sourceTree = "<group>"; };
		833402E42297FC52005A0294 /* Info.plist */ = {isa = PBXFileReference; lastKnownFileType = text.plist.xml; path = Info.plist; sourceTree = "<group>"; };
		991DE96ECAB2AAF3F8AD1631 /* Pods_Swift_testUITests.framework */ = {isa = PBXFileReference; explicitFileType = wrapper.framework; includeInIndex = 0; path = Pods_Swift_testUITests.framework; sourceTree = BUILT_PRODUCTS_DIR; };
		CF448ACB23EBD108D1D54318 /* Pods_Swift_testTests.framework */ = {isa = PBXFileReference; explicitFileType = wrapper.framework; includeInIndex = 0; path = Pods_Swift_testTests.framework; sourceTree = BUILT_PRODUCTS_DIR; };
		E3912F02AF59268684171E6B /* Pods_Swift_test.framework */ = {isa = PBXFileReference; explicitFileType = wrapper.framework; includeInIndex = 0; path = Pods_Swift_test.framework; sourceTree = BUILT_PRODUCTS_DIR; };
		EF312A6F1FAC056C7FA324FD /* Pods-Swift testTests.debug.xcconfig */ = {isa = PBXFileReference; includeInIndex = 1; lastKnownFileType = text.xcconfig; name = "Pods-Swift testTests.debug.xcconfig"; path = "Target Support Files/Pods-Swift testTests/Pods-Swift testTests.debug.xcconfig"; sourceTree = "<group>"; };
/* End PBXFileReference section */

/* Begin PBXFrameworksBuildPhase section */
		833402BC2297FC50005A0294 /* Frameworks */ = {
			isa = PBXFrameworksBuildPhase;
			buildActionMask = 2147483647;
			files = (
				32C873BF06A534E73D9F127D /* Pods_Swift_test.framework in Frameworks */,
			);
			runOnlyForDeploymentPostprocessing = 0;
		};
		833402D02297FC52005A0294 /* Frameworks */ = {
			isa = PBXFrameworksBuildPhase;
			buildActionMask = 2147483647;
			files = (
				6754504A21AD229671315E55 /* Pods_Swift_testTests.framework in Frameworks */,
			);
			runOnlyForDeploymentPostprocessing = 0;
		};
		833402DB2297FC52005A0294 /* Frameworks */ = {
			isa = PBXFrameworksBuildPhase;
			buildActionMask = 2147483647;
			files = (
				F2D80E902A81780C10D8AC05 /* Pods_Swift_testUITests.framework in Frameworks */,
			);
			runOnlyForDeploymentPostprocessing = 0;
		};
/* End PBXFrameworksBuildPhase section */

/* Begin PBXGroup section */
		833402B62297FC50005A0294 = {
			isa = PBXGroup;
			children = (
				833402C12297FC50005A0294 /* Swift test */,
				833402D62297FC52005A0294 /* Swift testTests */,
				833402E12297FC52005A0294 /* Swift testUITests */,
				833402C02297FC50005A0294 /* Products */,
				C099D0B1CA5811B6767007AB /* Pods */,
				9142A29F5D052D59EDCF078F /* Frameworks */,
			);
			sourceTree = "<group>";
		};
		833402C02297FC50005A0294 /* Products */ = {
			isa = PBXGroup;
			children = (
				833402BF2297FC50005A0294 /* Swift test.app */,
				833402D32297FC52005A0294 /* Swift testTests.xctest */,
				833402DE2297FC52005A0294 /* Swift testUITests.xctest */,
			);
			name = Products;
			sourceTree = "<group>";
		};
		833402C12297FC50005A0294 /* Swift test */ = {
			isa = PBXGroup;
			children = (
				833402C22297FC50005A0294 /* AppDelegate.swift */,
				833402C42297FC50005A0294 /* ViewController.swift */,
				833402C62297FC50005A0294 /* Main.storyboard */,
				833402C92297FC52005A0294 /* Assets.xcassets */,
				833402CB2297FC52005A0294 /* LaunchScreen.storyboard */,
				833402CE2297FC52005A0294 /* Info.plist */,
			);
			path = "Swift test";
			sourceTree = "<group>";
		};
		833402D62297FC52005A0294 /* Swift testTests */ = {
			isa = PBXGroup;
			children = (
				833402D72297FC52005A0294 /* Swift_testTests.swift */,
				833402D92297FC52005A0294 /* Info.plist */,
			);
			path = "Swift testTests";
			sourceTree = "<group>";
		};
		833402E12297FC52005A0294 /* Swift testUITests */ = {
			isa = PBXGroup;
			children = (
				833402E22297FC52005A0294 /* Swift_testUITests.swift */,
				833402E42297FC52005A0294 /* Info.plist */,
			);
			path = "Swift testUITests";
			sourceTree = "<group>";
		};
		9142A29F5D052D59EDCF078F /* Frameworks */ = {
			isa = PBXGroup;
			children = (
				E3912F02AF59268684171E6B /* Pods_Swift_test.framework */,
				CF448ACB23EBD108D1D54318 /* Pods_Swift_testTests.framework */,
				991DE96ECAB2AAF3F8AD1631 /* Pods_Swift_testUITests.framework */,
			);
			name = Frameworks;
			sourceTree = "<group>";
		};
		C099D0B1CA5811B6767007AB /* Pods */ = {
			isa = PBXGroup;
			children = (
				13B754FF8B4879976BF6E272 /* Pods-Swift test.debug.xcconfig */,
				0895AAC08DC3B12FEF8C4AB0 /* Pods-Swift test.release.xcconfig */,
				EF312A6F1FAC056C7FA324FD /* Pods-Swift testTests.debug.xcconfig */,
				6F155F761A2FA5E19DFFB9B9 /* Pods-Swift testTests.release.xcconfig */,
				12A1D8D38F528D149F54BF4D /* Pods-Swift testUITests.debug.xcconfig */,
				5D2571A0859B84D9A6413C4D /* Pods-Swift testUITests.release.xcconfig */,
			);
			name = Pods;
			path = Pods;
			sourceTree = "<group>";
		};
/* End PBXGroup section */

/* Begin PBXNativeTarget section */
		833402BE2297FC50005A0294 /* Swift test */ = {
			isa = PBXNativeTarget;
			buildConfigurationList = 833402E72297FC52005A0294 /* Build configuration list for PBXNativeTarget "Swift test" */;
			buildPhases = (
				2A1EEA67E643C5A860FCC0E0 /* [CP] Check Pods Manifest.lock */,
				833402BB2297FC50005A0294 /* Sources */,
				833402BC2297FC50005A0294 /* Frameworks */,
				833402BD2297FC50005A0294 /* Resources */,
			);
			buildRules = (
			);
			dependencies = (
			);
			name = "Swift test";
			productName = "Swift test";
			productReference = 833402BF2297FC50005A0294 /* Swift test.app */;
			productType = "com.apple.product-type.application";
		};
		833402D22297FC52005A0294 /* Swift testTests */ = {
			isa = PBXNativeTarget;
			buildConfigurationList = 833402EA2297FC52005A0294 /* Build configuration list for PBXNativeTarget "Swift testTests" */;
			buildPhases = (
				AAA1AC39607AF086F6A577F4 /* [CP] Check Pods Manifest.lock */,
				833402CF2297FC52005A0294 /* Sources */,
				833402D02297FC52005A0294 /* Frameworks */,
				833402D12297FC52005A0294 /* Resources */,
			);
			buildRules = (
			);
			dependencies = (
				833402D52297FC52005A0294 /* PBXTargetDependency */,
			);
			name = "Swift testTests";
			productName = "Swift testTests";
			productReference = 833402D32297FC52005A0294 /* Swift testTests.xctest */;
			productType = "com.apple.product-type.bundle.unit-test";
		};
		833402DD2297FC52005A0294 /* Swift testUITests */ = {
			isa = PBXNativeTarget;
			buildConfigurationList = 833402ED2297FC52005A0294 /* Build configuration list for PBXNativeTarget "Swift testUITests" */;
			buildPhases = (
				5E36DC785E2E3537EC064C96 /* [CP] Check Pods Manifest.lock */,
				833402DA2297FC52005A0294 /* Sources */,
				833402DB2297FC52005A0294 /* Frameworks */,
				833402DC2297FC52005A0294 /* Resources */,
			);
			buildRules = (
			);
			dependencies = (
				833402E02297FC52005A0294 /* PBXTargetDependency */,
			);
			name = "Swift testUITests";
			productName = "Swift testUITests";
			productReference = 833402DE2297FC52005A0294 /* Swift testUITests.xctest */;
			productType = "com.apple.product-type.bundle.ui-testing";
		};
/* End PBXNativeTarget section */

/* Begin PBXProject section */
		833402B72297FC50005A0294 /* Project object */ = {
			isa = PBXProject;
			attributes = {
				LastSwiftUpdateCheck = 1010;
				LastUpgradeCheck = 1010;
				ORGANIZATIONNAME = "Rijad Babovic";
				TargetAttributes = {
					833402BE2297FC50005A0294 = {
						CreatedOnToolsVersion = 10.1;
					};
					833402D22297FC52005A0294 = {
						CreatedOnToolsVersion = 10.1;
						TestTargetID = 833402BE2297FC50005A0294;
					};
					833402DD2297FC52005A0294 = {
						CreatedOnToolsVersion = 10.1;
						TestTargetID = 833402BE2297FC50005A0294;
					};
				};
			};
			buildConfigurationList = 833402BA2297FC50005A0294 /* Build configuration list for PBXProject "Swift test" */;
			compatibilityVersion = "Xcode 9.3";
			developmentRegion = en;
			hasScannedForEncodings = 0;
			knownRegions = (
				en,
				Base,
			);
			mainGroup = 833402B62297FC50005A0294;
			productRefGroup = 833402C02297FC50005A0294 /* Products */;
			projectDirPath = "";
			projectRoot = "";
			targets = (
				833402BE2297FC50005A0294 /* Swift test */,
				833402D22297FC52005A0294 /* Swift testTests */,
				833402DD2297FC52005A0294 /* Swift testUITests */,
			);
		};
/* End PBXProject section */

/* Begin PBXResourcesBuildPhase section */
		833402BD2297FC50005A0294 /* Resources */ = {
			isa = PBXResourcesBuildPhase;
			buildActionMask = 2147483647;
			files = (
				833402CD2297FC52005A0294 /* LaunchScreen.storyboard in Resources */,
				833402CA2297FC52005A0294 /* Assets.xcassets in Resources */,
				833402C82297FC50005A0294 /* Main.storyboard in Resources */,
			);
			runOnlyForDeploymentPostprocessing = 0;
		};
		833402D12297FC52005A0294 /* Resources */ = {
			isa = PBXResourcesBuildPhase;
			buildActionMask = 2147483647;
			files = (
			);
			runOnlyForDeploymentPostprocessing = 0;
		};
		833402DC2297FC52005A0294 /* Resources */ = {
			isa = PBXResourcesBuildPhase;
			buildActionMask = 2147483647;
			files = (
			);
			runOnlyForDeploymentPostprocessing = 0;
		};
/* End PBXResourcesBuildPhase section */

/* Begin PBXShellScriptBuildPhase section */
		2A1EEA67E643C5A860FCC0E0 /* [CP] Check Pods Manifest.lock */ = {
			isa = PBXShellScriptBuildPhase;
			buildActionMask = 2147483647;
			files = (
			);
			inputFileListPaths = (
			);
			inputPaths = (
				"${PODS_PODFILE_DIR_PATH}/Podfile.lock",
				"${PODS_ROOT}/Manifest.lock",
			);
			name = "[CP] Check Pods Manifest.lock";
			outputFileListPaths = (
			);
			outputPaths = (
				"$(DERIVED_FILE_DIR)/Pods-Swift test-checkManifestLockResult.txt",
			);
			runOnlyForDeploymentPostprocessing = 0;
			shellPath = /bin/sh;
			shellScript = "diff \"${PODS_PODFILE_DIR_PATH}/Podfile.lock\" \"${PODS_ROOT}/Manifest.lock\" > /dev/null\nif [ $? != 0 ] ; then\n    # print error to STDERR\n    echo \"error: The sandbox is not in sync with the Podfile.lock. Run 'pod install' or update your CocoaPods installation.\" >&2\n    exit 1\nfi\n# This output is used by Xcode 'outputs' to avoid re-running this script phase.\necho \"SUCCESS\" > \"${SCRIPT_OUTPUT_FILE_0}\"\n";
			showEnvVarsInLog = 0;
		};
		5E36DC785E2E3537EC064C96 /* [CP] Check Pods Manifest.lock */ = {
			isa = PBXShellScriptBuildPhase;
			buildActionMask = 2147483647;
			files = (
			);
			inputFileListPaths = (
			);
			inputPaths = (
				"${PODS_PODFILE_DIR_PATH}/Podfile.lock",
				"${PODS_ROOT}/Manifest.lock",
			);
			name = "[CP] Check Pods Manifest.lock";
			outputFileListPaths = (
			);
			outputPaths = (
				"$(DERIVED_FILE_DIR)/Pods-Swift testUITests-checkManifestLockResult.txt",
			);
			runOnlyForDeploymentPostprocessing = 0;
			shellPath = /bin/sh;
			shellScript = "diff \"${PODS_PODFILE_DIR_PATH}/Podfile.lock\" \"${PODS_ROOT}/Manifest.lock\" > /dev/null\nif [ $? != 0 ] ; then\n    # print error to STDERR\n    echo \"error: The sandbox is not in sync with the Podfile.lock. Run 'pod install' or update your CocoaPods installation.\" >&2\n    exit 1\nfi\n# This output is used by Xcode 'outputs' to avoid re-running this script phase.\necho \"SUCCESS\" > \"${SCRIPT_OUTPUT_FILE_0}\"\n";
			showEnvVarsInLog = 0;
		};
		AAA1AC39607AF086F6A577F4 /* [CP] Check Pods Manifest.lock */ = {
			isa = PBXShellScriptBuildPhase;
			buildActionMask = 2147483647;
			files = (
			);
			inputFileListPaths = (
			);
			inputPaths = (
				"${PODS_PODFILE_DIR_PATH}/Podfile.lock",
				"${PODS_ROOT}/Manifest.lock",
			);
			name = "[CP] Check Pods Manifest.lock";
			outputFileListPaths = (
			);
			outputPaths = (
				"$(DERIVED_FILE_DIR)/Pods-Swift testTests-checkManifestLockResult.txt",
			);
			runOnlyForDeploymentPostprocessing = 0;
			shellPath = /bin/sh;
			shellScript = "diff \"${PODS_PODFILE_DIR_PATH}/Podfile.lock\" \"${PODS_ROOT}/Manifest.lock\" > /dev/null\nif [ $? != 0 ] ; then\n    # print error to STDERR\n    echo \"error: The sandbox is not in sync with the Podfile.lock. Run 'pod install' or update your CocoaPods installation.\" >&2\n    exit 1\nfi\n# This output is used by Xcode 'outputs' to avoid re-running this script phase.\necho \"SUCCESS\" > \"${SCRIPT_OUTPUT_FILE_0}\"\n";
			showEnvVarsInLog = 0;
		};
/* End PBXShellScriptBuildPhase section */

/* Begin PBXSourcesBuildPhase section */
		833402BB2297FC50005A0294 /* Sources */ = {
			isa = PBXSourcesBuildPhase;
			buildActionMask = 2147483647;
			files = (
				833402C52297FC50005A0294 /* ViewController.swift in Sources */,
				833402C32297FC50005A0294 /* AppDelegate.swift in Sources */,
			);
			runOnlyForDeploymentPostprocessing = 0;
		};
		833402CF2297FC52005A0294 /* Sources */ = {
			isa = PBXSourcesBuildPhase;
			buildActionMask = 2147483647;
			files = (
				833402D82297FC52005A0294 /* Swift_testTests.swift in Sources */,
			);
			runOnlyForDeploymentPostprocessing = 0;
		};
		833402DA2297FC52005A0294 /* Sources */ = {
			isa = PBXSourcesBuildPhase;
			buildActionMask = 2147483647;
			files = (
				833402E32297FC52005A0294 /* Swift_testUITests.swift in Sources */,
			);
			runOnlyForDeploymentPostprocessing = 0;
		};
/* End PBXSourcesBuildPhase section */

/* Begin PBXTargetDependency section */
		833402D52297FC52005A0294 /* PBXTargetDependency */ = {
			isa = PBXTargetDependency;
			target = 833402BE2297FC50005A0294 /* Swift test */;
			targetProxy = 833402D42297FC52005A0294 /* PBXContainerItemProxy */;
		};
		833402E02297FC52005A0294 /* PBXTargetDependency */ = {
			isa = PBXTargetDependency;
			target = 833402BE2297FC50005A0294 /* Swift test */;
			targetProxy = 833402DF2297FC52005A0294 /* PBXContainerItemProxy */;
		};
/* End PBXTargetDependency section */

/* Begin PBXVariantGroup section */
		833402C62297FC50005A0294 /* Main.storyboard */ = {
			isa = PBXVariantGroup;
			children = (
				833402C72297FC50005A0294 /* Base */,
			);
			name = Main.storyboard;
			sourceTree = "<group>";
		};
		833402CB2297FC52005A0294 /* LaunchScreen.storyboard */ = {
			isa = PBXVariantGroup;
			children = (
				833402CC2297FC52005A0294 /* Base */,
			);
			name = LaunchScreen.storyboard;
			sourceTree = "<group>";
		};
/* End PBXVariantGroup section */

/* Begin XCBuildConfiguration section */
		833402E52297FC52005A0294 /* Debug */ = {
			isa = XCBuildConfiguration;
			buildSettings = {
				ALWAYS_SEARCH_USER_PATHS = NO;
				CLANG_ANALYZER_NONNULL = YES;
				CLANG_ANALYZER_NUMBER_OBJECT_CONVERSION = YES_AGGRESSIVE;
				CLANG_CXX_LANGUAGE_STANDARD = "gnu++14";
				CLANG_CXX_LIBRARY = "libc++";
				CLANG_ENABLE_MODULES = YES;
				CLANG_ENABLE_OBJC_ARC = YES;
				CLANG_ENABLE_OBJC_WEAK = YES;
				CLANG_WARN_BLOCK_CAPTURE_AUTORELEASING = YES;
				CLANG_WARN_BOOL_CONVERSION = YES;
				CLANG_WARN_COMMA = YES;
				CLANG_WARN_CONSTANT_CONVERSION = YES;
				CLANG_WARN_DEPRECATED_OBJC_IMPLEMENTATIONS = YES;
				CLANG_WARN_DIRECT_OBJC_ISA_USAGE = YES_ERROR;
				CLANG_WARN_DOCUMENTATION_COMMENTS = YES;
				CLANG_WARN_EMPTY_BODY = YES;
				CLANG_WARN_ENUM_CONVERSION = YES;
				CLANG_WARN_INFINITE_RECURSION = YES;
				CLANG_WARN_INT_CONVERSION = YES;
				CLANG_WARN_NON_LITERAL_NULL_CONVERSION = YES;
				CLANG_WARN_OBJC_IMPLICIT_RETAIN_SELF = YES;
				CLANG_WARN_OBJC_LITERAL_CONVERSION = YES;
				CLANG_WARN_OBJC_ROOT_CLASS = YES_ERROR;
				CLANG_WARN_RANGE_LOOP_ANALYSIS = YES;
				CLANG_WARN_STRICT_PROTOTYPES = YES;
				CLANG_WARN_SUSPICIOUS_MOVE = YES;
				CLANG_WARN_UNGUARDED_AVAILABILITY = YES_AGGRESSIVE;
				CLANG_WARN_UNREACHABLE_CODE = YES;
				CLANG_WARN__DUPLICATE_METHOD_MATCH = YES;
				CODE_SIGN_IDENTITY = "iPhone Developer";
				COPY_PHASE_STRIP = NO;
				DEBUG_INFORMATION_FORMAT = dwarf;
				ENABLE_STRICT_OBJC_MSGSEND = YES;
				ENABLE_TESTABILITY = YES;
				GCC_C_LANGUAGE_STANDARD = gnu11;
				GCC_DYNAMIC_NO_PIC = NO;
				GCC_NO_COMMON_BLOCKS = YES;
				GCC_OPTIMIZATION_LEVEL = 0;
				GCC_PREPROCESSOR_DEFINITIONS = (
					"DEBUG=1",
					"$(inherited)",
				);
				GCC_WARN_64_TO_32_BIT_CONVERSION = YES;
				GCC_WARN_ABOUT_RETURN_TYPE = YES_ERROR;
				GCC_WARN_UNDECLARED_SELECTOR = YES;
				GCC_WARN_UNINITIALIZED_AUTOS = YES_AGGRESSIVE;
				GCC_WARN_UNUSED_FUNCTION = YES;
				GCC_WARN_UNUSED_VARIABLE = YES;
				IPHONEOS_DEPLOYMENT_TARGET = 12.1;
				MTL_ENABLE_DEBUG_INFO = INCLUDE_SOURCE;
				MTL_FAST_MATH = YES;
				ONLY_ACTIVE_ARCH = YES;
				SDKROOT = iphoneos;
				SWIFT_ACTIVE_COMPILATION_CONDITIONS = DEBUG;
				SWIFT_OPTIMIZATION_LEVEL = "-Onone";
			};
			name = Debug;
		};
		833402E62297FC52005A0294 /* Release */ = {
			isa = XCBuildConfiguration;
			buildSettings = {
				ALWAYS_SEARCH_USER_PATHS = NO;
				CLANG_ANALYZER_NONNULL = YES;
				CLANG_ANALYZER_NUMBER_OBJECT_CONVERSION = YES_AGGRESSIVE;
				CLANG_CXX_LANGUAGE_STANDARD = "gnu++14";
				CLANG_CXX_LIBRARY = "libc++";
				CLANG_ENABLE_MODULES = YES;
				CLANG_ENABLE_OBJC_ARC = YES;
				CLANG_ENABLE_OBJC_WEAK = YES;
				CLANG_WARN_BLOCK_CAPTURE_AUTORELEASING = YES;
				CLANG_WARN_BOOL_CONVERSION = YES;
				CLANG_WARN_COMMA = YES;
				CLANG_WARN_CONSTANT_CONVERSION = YES;
				CLANG_WARN_DEPRECATED_OBJC_IMPLEMENTATIONS = YES;
				CLANG_WARN_DIRECT_OBJC_ISA_USAGE = YES_ERROR;
				CLANG_WARN_DOCUMENTATION_COMMENTS = YES;
				CLANG_WARN_EMPTY_BODY = YES;
				CLANG_WARN_ENUM_CONVERSION = YES;
				CLANG_WARN_INFINITE_RECURSION = YES;
				CLANG_WARN_INT_CONVERSION = YES;
				CLANG_WARN_NON_LITERAL_NULL_CONVERSION = YES;
				CLANG_WARN_OBJC_IMPLICIT_RETAIN_SELF = YES;
				CLANG_WARN_OBJC_LITERAL_CONVERSION = YES;
				CLANG_WARN_OBJC_ROOT_CLASS = YES_ERROR;
				CLANG_WARN_RANGE_LOOP_ANALYSIS = YES;
				CLANG_WARN_STRICT_PROTOTYPES = YES;
				CLANG_WARN_SUSPICIOUS_MOVE = YES;
				CLANG_WARN_UNGUARDED_AVAILABILITY = YES_AGGRESSIVE;
				CLANG_WARN_UNREACHABLE_CODE = YES;
				CLANG_WARN__DUPLICATE_METHOD_MATCH = YES;
				CODE_SIGN_IDENTITY = "iPhone Developer";
				COPY_PHASE_STRIP = NO;
				DEBUG_INFORMATION_FORMAT = "dwarf-with-dsym";
				ENABLE_NS_ASSERTIONS = NO;
				ENABLE_STRICT_OBJC_MSGSEND = YES;
				GCC_C_LANGUAGE_STANDARD = gnu11;
				GCC_NO_COMMON_BLOCKS = YES;
				GCC_WARN_64_TO_32_BIT_CONVERSION = YES;
				GCC_WARN_ABOUT_RETURN_TYPE = YES_ERROR;
				GCC_WARN_UNDECLARED_SELECTOR = YES;
				GCC_WARN_UNINITIALIZED_AUTOS = YES_AGGRESSIVE;
				GCC_WARN_UNUSED_FUNCTION = YES;
				GCC_WARN_UNUSED_VARIABLE = YES;
				IPHONEOS_DEPLOYMENT_TARGET = 12.1;
				MTL_ENABLE_DEBUG_INFO = NO;
				MTL_FAST_MATH = YES;
				SDKROOT = iphoneos;
				SWIFT_COMPILATION_MODE = wholemodule;
				SWIFT_OPTIMIZATION_LEVEL = "-O";
				VALIDATE_PRODUCT = YES;
			};
			name = Release;
		};
		833402E82297FC52005A0294 /* Debug */ = {
			isa = XCBuildConfiguration;
			baseConfigurationReference = 13B754FF8B4879976BF6E272 /* Pods-Swift test.debug.xcconfig */;
			buildSettings = {
				ASSETCATALOG_COMPILER_APPICON_NAME = AppIcon;
				CODE_SIGN_STYLE = Automatic;
				INFOPLIST_FILE = "Swift test/Info.plist";
				LD_RUNPATH_SEARCH_PATHS = (
					"$(inherited)",
					"@executable_path/Frameworks",
				);
				PRODUCT_BUNDLE_IDENTIFIER = "com.tech387.Swift-test";
				PRODUCT_NAME = "$(TARGET_NAME)";
				SWIFT_VERSION = 4.2;
				TARGETED_DEVICE_FAMILY = "1,2";
			};
			name = Debug;
		};
		833402E92297FC52005A0294 /* Release */ = {
			isa = XCBuildConfiguration;
			baseConfigurationReference = 0895AAC08DC3B12FEF8C4AB0 /* Pods-Swift test.release.xcconfig */;
			buildSettings = {
				ASSETCATALOG_COMPILER_APPICON_NAME = AppIcon;
				CODE_SIGN_STYLE = Automatic;
				INFOPLIST_FILE = "Swift test/Info.plist";
				LD_RUNPATH_SEARCH_PATHS = (
					"$(inherited)",
					"@executable_path/Frameworks",
				);
				PRODUCT_BUNDLE_IDENTIFIER = "com.tech387.Swift-test";
				PRODUCT_NAME = "$(TARGET_NAME)";
				SWIFT_VERSION = 4.2;
				TARGETED_DEVICE_FAMILY = "1,2";
			};
			name = Release;
		};
		833402EB2297FC52005A0294 /* Debug */ = {
			isa = XCBuildConfiguration;
			baseConfigurationReference = EF312A6F1FAC056C7FA324FD /* Pods-Swift testTests.debug.xcconfig */;
			buildSettings = {
				ALWAYS_EMBED_SWIFT_STANDARD_LIBRARIES = YES;
				BUNDLE_LOADER = "$(TEST_HOST)";
				CODE_SIGN_STYLE = Automatic;
				INFOPLIST_FILE = "Swift testTests/Info.plist";
				LD_RUNPATH_SEARCH_PATHS = (
					"$(inherited)",
					"@executable_path/Frameworks",
					"@loader_path/Frameworks",
				);
				PRODUCT_BUNDLE_IDENTIFIER = "com.tech387.Swift-testTests";
				PRODUCT_NAME = "$(TARGET_NAME)";
				SWIFT_VERSION = 4.2;
				TARGETED_DEVICE_FAMILY = "1,2";
				TEST_HOST = "$(BUILT_PRODUCTS_DIR)/Swift test.app/Swift test";
			};
			name = Debug;
		};
		833402EC2297FC52005A0294 /* Release */ = {
			isa = XCBuildConfiguration;
			baseConfigurationReference = 6F155F761A2FA5E19DFFB9B9 /* Pods-Swift testTests.release.xcconfig */;
			buildSettings = {
				ALWAYS_EMBED_SWIFT_STANDARD_LIBRARIES = YES;
				BUNDLE_LOADER = "$(TEST_HOST)";
				CODE_SIGN_STYLE = Automatic;
				INFOPLIST_FILE = "Swift testTests/Info.plist";
				LD_RUNPATH_SEARCH_PATHS = (
					"$(inherited)",
					"@executable_path/Frameworks",
					"@loader_path/Frameworks",
				);
				PRODUCT_BUNDLE_IDENTIFIER = "com.tech387.Swift-testTests";
				PRODUCT_NAME = "$(TARGET_NAME)";
				SWIFT_VERSION = 4.2;
				TARGETED_DEVICE_FAMILY = "1,2";
				TEST_HOST = "$(BUILT_PRODUCTS_DIR)/Swift test.app/Swift test";
			};
			name = Release;
		};
		833402EE2297FC52005A0294 /* Debug */ = {
			isa = XCBuildConfiguration;
			baseConfigurationReference = 12A1D8D38F528D149F54BF4D /* Pods-Swift testUITests.debug.xcconfig */;
			buildSettings = {
				ALWAYS_EMBED_SWIFT_STANDARD_LIBRARIES = YES;
				CODE_SIGN_STYLE = Automatic;
				INFOPLIST_FILE = "Swift testUITests/Info.plist";
				LD_RUNPATH_SEARCH_PATHS = (
					"$(inherited)",
					"@executable_path/Frameworks",
					"@loader_path/Frameworks",
				);
				PRODUCT_BUNDLE_IDENTIFIER = "com.tech387.Swift-testUITests";
				PRODUCT_NAME = "$(TARGET_NAME)";
				SWIFT_VERSION = 4.2;
				TARGETED_DEVICE_FAMILY = "1,2";
				TEST_TARGET_NAME = "Swift test";
			};
			name = Debug;
		};
		833402EF2297FC52005A0294 /* Release */ = {
			isa = XCBuildConfiguration;
			baseConfigurationReference = 5D2571A0859B84D9A6413C4D /* Pods-Swift testUITests.release.xcconfig */;
			buildSettings = {
				ALWAYS_EMBED_SWIFT_STANDARD_LIBRARIES = YES;
				CODE_SIGN_STYLE = Automatic;
				INFOPLIST_FILE = "Swift testUITests/Info.plist";
				LD_RUNPATH_SEARCH_PATHS = (
					"$(inherited)",
					"@executable_path/Frameworks",
					"@loader_path/Frameworks",
				);
				PRODUCT_BUNDLE_IDENTIFIER = "com.tech387.Swift-testUITests";
				PRODUCT_NAME = "$(TARGET_NAME)";
				SWIFT_VERSION = 4.2;
				TARGETED_DEVICE_FAMILY = "1,2";
				TEST_TARGET_NAME = "Swift test";
			};
			name = Release;
		};
/* End XCBuildConfiguration section */

/* Begin XCConfigurationList section */
		833402BA2297FC50005A0294 /* Build configuration list for PBXProject "Swift test" */ = {
			isa = XCConfigurationList;
			buildConfigurations = (
				833402E52297FC52005A0294 /* Debug */,
				833402E62297FC52005A0294 /* Release */,
			);
			defaultConfigurationIsVisible = 0;
			defaultConfigurationName = Release;
		};
		833402E72297FC52005A0294 /* Build configuration list for PBXNativeTarget "Swift test" */ = {
			isa = XCConfigurationList;
			buildConfigurations = (
				833402E82297FC52005A0294 /* Debug */,
				833402E92297FC52005A0294 /* Release */,
			);
			defaultConfigurationIsVisible = 0;
			defaultConfigurationName = Release;
		};
		833402EA2297FC52005A0294 /* Build configuration list for PBXNativeTarget "Swift testTests" */ = {
			isa = XCConfigurationList;
			buildConfigurations = (
				833402EB2297FC52005A0294 /* Debug */,
				833402EC2297FC52005A0294 /* Release */,
			);
			defaultConfigurationIsVisible = 0;
			defaultConfigurationName = Release;
		};
		833402ED2297FC52005A0294 /* Build configuration list for PBXNativeTarget "Swift testUITests" */ = {
			isa = XCConfigurationList;
			buildConfigurations = (
				833402EE2297FC52005A0294 /* Debug */,
				833402EF2297FC52005A0294 /* Release */,
			);
			defaultConfigurationIsVisible = 0;
			defaultConfigurationName = Release;
		};
/* End XCConfigurationList section */
	};
	rootObject = 833402B72297FC50005A0294 /* Project object */;
}
